Microsoft Visual Studio Solution File, Format Version 12.00
# Visual Studio Version 17
VisualStudioVersion = 17.9.34723.18
MinimumVisualStudioVersion = 10.0.40219.1
Project("{9A19103F-16F7-4668-BE54-9A1E7A4F7556}") = "HistoricalSimulator", "HistoricalSimulator\HistoricalSimulator.csproj", "{C414C745-AFB9-4D23-A468-602ABFA7F2D8}"
EndProject
Project("{9A19103F-16F7-4668-BE54-9A1E7A4F7556}") = "Dupire", "Dupire\Dupire.csproj", "{1458DF4A-CE48-4010-B123-7DDD00F4B194}"
EndProject
Project("{9A19103F-16F7-4668-BE54-9A1E7A4F7556}") = "PFunction2D", "..\ModelingTools\PFunction2D\PFunction2D.csproj", "{61982E89-DAB3-4E01-BBE7-1BD5E3C71297}"
EndProject
Project("{9A19103F-16F7-4668-BE54-9A1E7A4F7556}") = "EquityModels.Tests", "EquityModels.Tests\EquityModels.Tests.csproj", "{E056296C-95D8-4A2B-A228-83B5FB28A1BD}"
EndProject
Project("{9A19103F-16F7-4668-BE54-9A1E7A4F7556}") = "Heston", "Heston\Heston.csproj", "{50B13FC9-5FEA-44D7-85E8-25B9B7B48BDE}"
EndProject
Project("{FAE04EC0-301F-11D3-BF4B-00C04F79EFBC}") = "VarianceGamma", "VarianceGamma\VarianceGamma.csproj", "{1CF5F32A-530F-4CA5-BD23-25431EF3B9F5}"
EndProject
Project("{FAE04EC0-301F-11D3-BF4B-00C04F79EFBC}") = "PFunction2DGui", "..\ModelingTools\PFunction2DGui\PFunction2DGui.csproj", "{ACEDC2F0-73DA-4521-A1D6-E9E37D394DA2}"
EndProject
Global
	GlobalSection(SolutionConfigurationPlatforms) = preSolution
		Debug|Any CPU = Debug|Any CPU
		Release|Any CPU = Release|Any CPU
	EndGlobalSection
	GlobalSection(ProjectConfigurationPlatforms) = postSolution
		{C414C745-AFB9-4D23-A468-602ABFA7F2D8}.Debug|Any CPU.ActiveCfg = Debug|Any CPU
		{C414C745-AFB9-4D23-A468-602ABFA7F2D8}.Debug|Any CPU.Build.0 = Debug|Any CPU
		{C414C745-AFB9-4D23-A468-602ABFA7F2D8}.Release|Any CPU.ActiveCfg = Release|Any CPU
		{C414C745-AFB9-4D23-A468-602ABFA7F2D8}.Release|Any CPU.Build.0 = Release|Any CPU
		{1458DF4A-CE48-4010-B123-7DDD00F4B194}.Debug|Any CPU.ActiveCfg = Debug|Any CPU
		{1458DF4A-CE48-4010-B123-7DDD00F4B194}.Debug|Any CPU.Build.0 = Debug|Any CPU
		{1458DF4A-CE48-4010-B123-7DDD00F4B194}.Release|Any CPU.ActiveCfg = Release|Any CPU
		{1458DF4A-CE48-4010-B123-7DDD00F4B194}.Release|Any CPU.Build.0 = Release|Any CPU
		{61982E89-DAB3-4E01-BBE7-1BD5E3C71297}.Debug|Any CPU.ActiveCfg = Debug|Any CPU
		{61982E89-DAB3-4E01-BBE7-1BD5E3C71297}.Debug|Any CPU.Build.0 = Debug|Any CPU
		{61982E89-DAB3-4E01-BBE7-1BD5E3C71297}.Release|Any CPU.ActiveCfg = Release|Any CPU
		{61982E89-DAB3-4E01-BBE7-1BD5E3C71297}.Release|Any CPU.Build.0 = Release|Any CPU
		{E056296C-95D8-4A2B-A228-83B5FB28A1BD}.Debug|Any CPU.ActiveCfg = Debug|Any CPU
		{E056296C-95D8-4A2B-A228-83B5FB28A1BD}.Debug|Any CPU.Build.0 = Debug|Any CPU
		{E056296C-95D8-4A2B-A228-83B5FB28A1BD}.Release|Any CPU.ActiveCfg = Release|Any CPU
		{E056296C-95D8-4A2B-A228-83B5FB28A1BD}.Release|Any CPU.Build.0 = Release|Any CPU
		{50B13FC9-5FEA-44D7-85E8-25B9B7B48BDE}.Debug|Any CPU.ActiveCfg = Debug|Any CPU
		{50B13FC9-5FEA-44D7-85E8-25B9B7B48BDE}.Debug|Any CPU.Build.0 = Debug|Any CPU
		{50B13FC9-5FEA-44D7-85E8-25B9B7B48BDE}.Release|Any CPU.ActiveCfg = Release|Any CPU
		{50B13FC9-5FEA-44D7-85E8-25B9B7B48BDE}.Release|Any CPU.Build.0 = Release|Any CPU
		{1CF5F32A-530F-4CA5-BD23-25431EF3B9F5}.Debug|Any CPU.ActiveCfg = Debug|Any CPU
		{1CF5F32A-530F-4CA5-BD23-25431EF3B9F5}.Debug|Any CPU.Build.0 = Debug|Any CPU
		{1CF5F32A-530F-4CA5-BD23-25431EF3B9F5}.Release|Any CPU.ActiveCfg = Release|Any CPU
		{1CF5F32A-530F-4CA5-BD23-25431EF3B9F5}.Release|Any CPU.Build.0 = Release|Any CPU
		{ACEDC2F0-73DA-4521-A1D6-E9E37D394DA2}.Debug|Any CPU.ActiveCfg = Debug|Any CPU
		{ACEDC2F0-73DA-4521-A1D6-E9E37D394DA2}.Debug|Any CPU.Build.0 = Debug|Any CPU
		{ACEDC2F0-73DA-4521-A1D6-E9E37D394DA2}.Release|Any CPU.ActiveCfg = Release|Any CPU
		{ACEDC2F0-73DA-4521-A1D6-E9E37D394DA2}.Release|Any CPU.Build.0 = Release|Any CPU
	EndGlobalSection
	GlobalSection(SolutionProperties) = preSolution
		HideSolutionNode = FALSE
	EndGlobalSection
	GlobalSection(ExtensibilityGlobals) = postSolution
		SolutionGuid = {F1B7C42E-B242-4E14-9950-F2AD34F5AFC0}
	EndGlobalSection
	GlobalSection(MonoDevelopProperties) = preSolution
		StartupItem = EquityModels.Tests\EquityModels.Tests.csproj
		Policies = $0
		$0.TextStylePolicy = $1
		$1.FileWidth = 120
		$1.inheritsSet = VisualStudio
		$1.inheritsScope = text/plain
		$1.scope = text/plain
	EndGlobalSection
EndGlobal
